
Microsoft Visual Studio Solution File, Format Version 12.00
# Visual Studio Version 17
VisualStudioVersion = 17.3.32901.215
MinimumVisualStudioVersion = 10.0.40219.1
Project("{9A19103F-16F7-4668-BE54-9A1E7A4F7556}") = "BoardLogic", "BoardLogic\BoardLogic.csproj", "{3E864718-CE11-4060-BDCF-5F74859CE7DC}"
EndProject
Project("{9A19103F-16F7-4668-BE54-9A1E7A4F7556}") = "BoardLogic.Tests", "BoardLogic.Tests\BoardLogic.Tests.csproj", "{82CD0F0A-B465-4A31-A040-D9DDB96D5A3F}"
EndProject
Project("{9A19103F-16F7-4668-BE54-9A1E7A4F7556}") = "Game", "Game\Game.csproj", "{AD64E8C3-C398-46EF-A06E-1AD0C5F55797}"
EndProject
Project("{9A19103F-16F7-4668-BE54-9A1E7A4F7556}") = "GameTests", "GameTests\GameTests.csproj", "{F9DDA1A1-0157-4647-9DE1-1E40317B7C8D}"
EndProject
Project("{9A19103F-16F7-4668-BE54-9A1E7A4F7556}") = "DiceLogic", "DiceLogic\DiceLogic.csproj", "{54A9642E-2C0E-455A-B990-0284CA6F3491}"
EndProject
Project("{9A19103F-16F7-4668-BE54-9A1E7A4F7556}") = "DiceLogic.Tests", "DiceLogic.Tests\DiceLogic.Tests.csproj", "{119327F1-FE95-474D-B0E7-A4042FD46F35}"
EndProject
Global
	GlobalSection(SolutionConfigurationPlatforms) = preSolution
		Debug|Any CPU = Debug|Any CPU
		Release|Any CPU = Release|Any CPU
	EndGlobalSection
	GlobalSection(ProjectConfigurationPlatforms) = postSolution
		{3E864718-CE11-4060-BDCF-5F74859CE7DC}.Debug|Any CPU.ActiveCfg = Debug|Any CPU
		{3E864718-CE11-4060-BDCF-5F74859CE7DC}.Debug|Any CPU.Build.0 = Debug|Any CPU
		{3E864718-CE11-4060-BDCF-5F74859CE7DC}.Release|Any CPU.ActiveCfg = Release|Any CPU
		{3E864718-CE11-4060-BDCF-5F74859CE7DC}.Release|Any CPU.Build.0 = Release|Any CPU
		{82CD0F0A-B465-4A31-A040-D9DDB96D5A3F}.Debug|Any CPU.ActiveCfg = Debug|Any CPU
		{82CD0F0A-B465-4A31-A040-D9DDB96D5A3F}.Debug|Any CPU.Build.0 = Debug|Any CPU
		{82CD0F0A-B465-4A31-A040-D9DDB96D5A3F}.Release|Any CPU.ActiveCfg = Release|Any CPU
		{82CD0F0A-B465-4A31-A040-D9DDB96D5A3F}.Release|Any CPU.Build.0 = Release|Any CPU
		{AD64E8C3-C398-46EF-A06E-1AD0C5F55797}.Debug|Any CPU.ActiveCfg = Debug|Any CPU
		{AD64E8C3-C398-46EF-A06E-1AD0C5F55797}.Debug|Any CPU.Build.0 = Debug|Any CPU
		{AD64E8C3-C398-46EF-A06E-1AD0C5F55797}.Release|Any CPU.ActiveCfg = Release|Any CPU
		{AD64E8C3-C398-46EF-A06E-1AD0C5F55797}.Release|Any CPU.Build.0 = Release|Any CPU
		{F9DDA1A1-0157-4647-9DE1-1E40317B7C8D}.Debug|Any CPU.ActiveCfg = Debug|Any CPU
		{F9DDA1A1-0157-4647-9DE1-1E40317B7C8D}.Debug|Any CPU.Build.0 = Debug|Any CPU
		{F9DDA1A1-0157-4647-9DE1-1E40317B7C8D}.Release|Any CPU.ActiveCfg = Release|Any CPU
		{F9DDA1A1-0157-4647-9DE1-1E40317B7C8D}.Release|Any CPU.Build.0 = Release|Any CPU
		{54A9642E-2C0E-455A-B990-0284CA6F3491}.Debug|Any CPU.ActiveCfg = Debug|Any CPU
		{54A9642E-2C0E-455A-B990-0284CA6F3491}.Debug|Any CPU.Build.0 = Debug|Any CPU
		{54A9642E-2C0E-455A-B990-0284CA6F3491}.Release|Any CPU.ActiveCfg = Release|Any CPU
		{54A9642E-2C0E-455A-B990-0284CA6F3491}.Release|Any CPU.Build.0 = Release|Any CPU
		{119327F1-FE95-474D-B0E7-A4042FD46F35}.Debug|Any CPU.ActiveCfg = Debug|Any CPU
		{119327F1-FE95-474D-B0E7-A4042FD46F35}.Debug|Any CPU.Build.0 = Debug|Any CPU
		{119327F1-FE95-474D-B0E7-A4042FD46F35}.Release|Any CPU.ActiveCfg = Release|Any CPU
		{119327F1-FE95-474D-B0E7-A4042FD46F35}.Release|Any CPU.Build.0 = Release|Any CPU
	EndGlobalSection
	GlobalSection(SolutionProperties) = preSolution
		HideSolutionNode = FALSE
	EndGlobalSection
	GlobalSection(ExtensibilityGlobals) = postSolution
		SolutionGuid = {B7F843F4-DAA5-4C3C-B9C9-36CAC3C90621}
	EndGlobalSection
EndGlobal
